
Microsoft Visual Studio Solution File, Format Version 12.00
# Visual Studio Version 17
VisualStudioVersion = 17.4.33205.214
MinimumVisualStudioVersion = 10.0.40219.1
Project("{FAE04EC0-301F-11D3-BF4B-00C04F79EFBC}") = "DataLayer", "DataLayer\DataLayer.csproj", "{28E50EB4-FB8F-4B18-94C9-E0B9A05C34CE}"
EndProject
Project("{FAE04EC0-301F-11D3-BF4B-00C04F79EFBC}") = "QLNHANSU", "QLNHANSU\QLNHANSU.csproj", "{7EB05E5E-46C4-4798-AB27-CAC7F9DE3930}"
EndProject
Project("{FAE04EC0-301F-11D3-BF4B-00C04F79EFBC}") = "BusinessLayer", "BusinessLayer\BusinessLayer.csproj", "{977B2471-BE26-44D0-8A48-CC74EA2BD945}"
EndProject
Global
	GlobalSection(SolutionConfigurationPlatforms) = preSolution
		Debug|Any CPU = Debug|Any CPU
		Release|Any CPU = Release|Any CPU
	EndGlobalSection
	GlobalSection(ProjectConfigurationPlatforms) = postSolution
		{28E50EB4-FB8F-4B18-94C9-E0B9A05C34CE}.Debug|Any CPU.ActiveCfg = Debug|Any CPU
		{28E50EB4-FB8F-4B18-94C9-E0B9A05C34CE}.Debug|Any CPU.Build.0 = Debug|Any CPU
		{28E50EB4-FB8F-4B18-94C9-E0B9A05C34CE}.Release|Any CPU.ActiveCfg = Release|Any CPU
		{28E50EB4-FB8F-4B18-94C9-E0B9A05C34CE}.Release|Any CPU.Build.0 = Release|Any CPU
		{7EB05E5E-46C4-4798-AB27-CAC7F9DE3930}.Debug|Any CPU.ActiveCfg = Debug|Any CPU
		{7EB05E5E-46C4-4798-AB27-CAC7F9DE3930}.Debug|Any CPU.Build.0 = Debug|Any CPU
		{7EB05E5E-46C4-4798-AB27-CAC7F9DE3930}.Release|Any CPU.ActiveCfg = Release|Any CPU
		{7EB05E5E-46C4-4798-AB27-CAC7F9DE3930}.Release|Any CPU.Build.0 = Release|Any CPU
		{977B2471-BE26-44D0-8A48-CC74EA2BD945}.Debug|Any CPU.ActiveCfg = Debug|Any CPU
		{977B2471-BE26-44D0-8A48-CC74EA2BD945}.Debug|Any CPU.Build.0 = Debug|Any CPU
		{977B2471-BE26-44D0-8A48-CC74EA2BD945}.Release|Any CPU.ActiveCfg = Release|Any CPU
		{977B2471-BE26-44D0-8A48-CC74EA2BD945}.Release|Any CPU.Build.0 = Release|Any CPU
	EndGlobalSection
	GlobalSection(SolutionProperties) = preSolution
		HideSolutionNode = FALSE
	EndGlobalSection
	GlobalSection(ExtensibilityGlobals) = postSolution
		SolutionGuid = {ED6716AB-CEF9-49BF-AE56-83DB5590B605}
	EndGlobalSection
EndGlobal
